PODS:
  - Alamofire (4.5.0)
  - ObjectMapper (2.2.7)
  - Realm (2.8.3):
    - Realm/Headers (= 2.8.3)
  - Realm/Headers (2.8.3)
  - RealmSwift (2.8.3):
    - Realm (= 2.8.3)

DEPENDENCIES:
  - Alamofire
  - ObjectMapper
  - RealmSwift

SPEC CHECKSUMS:
  Alamofire: f28cdffd29de33a7bfa022cbd63ae95a27fae140
  ObjectMapper: 65abcfd9a61cf7396cbd14a4fb22fddfcc46577e
  Realm: 3601ef091c8c499a31101d8563b991e75546cdce
  RealmSwift: 8183818515471b01a99abdd2970f8e4fd52b6f4a

PODFILE CHECKSUM: b2686db7fe677c404f5621f34ee008ca0834b968

COCOAPODS: 1.1.1
