<?xml version="1.0" encoding="UTF-8"?>
<!DOCTYPE plist PUBLIC "-//Apple//DTD PLIST 1.0//EN" "http://www.apple.com/DTDs/PropertyList-1.0.dtd">
<plist version="1.0">
<dict>
	<key>archiveVersion</key>
	<string>1</string>
	<key>classes</key>
	<dict/>
	<key>objectVersion</key>
	<string>46</string>
	<key>objects</key>
	<dict>
		<key>145C897DDC6967FC06FEEEA5</key>
		<dict>
			<key>buildActionMask</key>
			<string>2147483647</string>
			<key>files</key>
			<array/>
			<key>inputPaths</key>
			<array/>
			<key>isa</key>
			<string>PBXShellScriptBuildPhase</string>
			<key>name</key>
			<string>[CP] Check Pods Manifest.lock</string>
			<key>outputPaths</key>
			<array/>
			<key>runOnlyForDeploymentPostprocessing</key>
			<string>0</string>
			<key>shellPath</key>
			<string>/bin/sh</string>
			<key>shellScript</key>
			<string>diff "${PODS_ROOT}/../Podfile.lock" "${PODS_ROOT}/Manifest.lock" &gt; /dev/null
if [ $? != 0 ] ; then
    # print error to STDERR
    echo "error: The sandbox is not in sync with the Podfile.lock. Run 'pod install' or update your CocoaPods installation." &gt;&amp;2
    exit 1
fi
</string>
			<key>showEnvVarsInLog</key>
			<string>0</string>
		</dict>
		<key>23F2DA752EAFDBC263A16C98</key>
		<dict>
			<key>buildActionMask</key>
			<string>2147483647</string>
			<key>files</key>
			<array/>
			<key>inputPaths</key>
			<array/>
			<key>isa</key>
			<string>PBXShellScriptBuildPhase</string>
			<key>name</key>
			<string>[CP] Embed Pods Frameworks</string>
			<key>outputPaths</key>
			<array/>
			<key>runOnlyForDeploymentPostprocessing</key>
			<string>0</string>
			<key>shellPath</key>
			<string>/bin/sh</string>
			<key>shellScript</key>
			<string>"${SRCROOT}/Pods/Target Support Files/Pods-01_Realm_SwiftTests/Pods-01_Realm_SwiftTests-frameworks.sh"
</string>
			<key>showEnvVarsInLog</key>
			<string>0</string>
		</dict>
		<key>25CFAF97916FC5652F1946E4</key>
		<dict>
			<key>children</key>
			<array>
				<string>7F9A1D11A4456283DBFBA128</string>
				<string>A87D561C0E6ED7DB03AA932D</string>
				<string>53534B056C1E05ACF7E0F5D6</string>
			</array>
			<key>isa</key>
			<string>PBXGroup</string>
			<key>name</key>
			<string>Frameworks</string>
			<key>sourceTree</key>
			<string>&lt;group&gt;</string>
		</dict>
		<key>2ADFDA6E2C2C11ABE147A7B9</key>
		<dict>
			<key>fileRef</key>
			<string>A87D561C0E6ED7DB03AA932D</string>
			<key>isa</key>
			<string>PBXBuildFile</string>
		</dict>
		<key>3DFBEB7F7DFE528EF5AF3AC5</key>
		<dict>
			<key>includeInIndex</key>
			<string>1</string>
			<key>isa</key>
			<string>PBXFileReference</string>
			<key>lastKnownFileType</key>
			<string>text.xcconfig</string>
			<key>name</key>
			<string>Pods-01_Realm_SwiftUITests.release.xcconfig</string>
			<key>path</key>
			<string>Pods/Target Support Files/Pods-01_Realm_SwiftUITests/Pods-01_Realm_SwiftUITests.release.xcconfig</string>
			<key>sourceTree</key>
			<string>&lt;group&gt;</string>
		</dict>
		<key>53534B056C1E05ACF7E0F5D6</key>
		<dict>
			<key>explicitFileType</key>
			<string>wrapper.framework</string>
			<key>includeInIndex</key>
			<string>0</string>
			<key>isa</key>
			<string>PBXFileReference</string>
			<key>path</key>
			<string>Pods_01_Realm_SwiftUITests.framework</string>
			<key>sourceTree</key>
			<string>BUILT_PRODUCTS_DIR</string>
		</dict>
		<key>69EAA12DAD87DE773B7B9448</key>
		<dict>
			<key>buildActionMask</key>
			<string>2147483647</string>
			<key>files</key>
			<array/>
			<key>inputPaths</key>
			<array/>
			<key>isa</key>
			<string>PBXShellScriptBuildPhase</string>
			<key>name</key>
			<string>[CP] Copy Pods Resources</string>
			<key>outputPaths</key>
			<array/>
			<key>runOnlyForDeploymentPostprocessing</key>
			<string>0</string>
			<key>shellPath</key>
			<string>/bin/sh</string>
			<key>shellScript</key>
			<string>"${SRCROOT}/Pods/Target Support Files/Pods-01_Realm_SwiftUITests/Pods-01_Realm_SwiftUITests-resources.sh"
</string>
			<key>showEnvVarsInLog</key>
			<string>0</string>
		</dict>
		<key>69F8D0DBF363F4BB4A2B27AF</key>
		<dict>
			<key>buildActionMask</key>
			<string>2147483647</string>
			<key>files</key>
			<array/>
			<key>inputPaths</key>
			<array/>
			<key>isa</key>
			<string>PBXShellScriptBuildPhase</string>
			<key>name</key>
			<string>[CP] Check Pods Manifest.lock</string>
			<key>outputPaths</key>
			<array/>
			<key>runOnlyForDeploymentPostprocessing</key>
			<string>0</string>
			<key>shellPath</key>
			<string>/bin/sh</string>
			<key>shellScript</key>
			<string>diff "${PODS_ROOT}/../Podfile.lock" "${PODS_ROOT}/Manifest.lock" &gt; /dev/null
if [ $? != 0 ] ; then
    # print error to STDERR
    echo "error: The sandbox is not in sync with the Podfile.lock. Run 'pod install' or update your CocoaPods installation." &gt;&amp;2
    exit 1
fi
</string>
			<key>showEnvVarsInLog</key>
			<string>0</string>
		</dict>
		<key>701FF19015FB9605F66CDD5C</key>
		<dict>
			<key>includeInIndex</key>
			<string>1</string>
			<key>isa</key>
			<string>PBXFileReference</string>
			<key>lastKnownFileType</key>
			<string>text.xcconfig</string>
			<key>name</key>
			<string>Pods-01_Realm_Swift.release.xcconfig</string>
			<key>path</key>
			<string>Pods/Target Support Files/Pods-01_Realm_Swift/Pods-01_Realm_Swift.release.xcconfig</string>
			<key>sourceTree</key>
			<string>&lt;group&gt;</string>
		</dict>
		<key>7294BD9D0BF23293096A1766</key>
		<dict>
			<key>buildActionMask</key>
			<string>2147483647</string>
			<key>files</key>
			<array/>
			<key>inputPaths</key>
			<array/>
			<key>isa</key>
			<string>PBXShellScriptBuildPhase</string>
			<key>name</key>
			<string>[CP] Embed Pods Frameworks</string>
			<key>outputPaths</key>
			<array/>
			<key>runOnlyForDeploymentPostprocessing</key>
			<string>0</string>
			<key>shellPath</key>
			<string>/bin/sh</string>
			<key>shellScript</key>
			<string>"${SRCROOT}/Pods/Target Support Files/Pods-01_Realm_SwiftUITests/Pods-01_Realm_SwiftUITests-frameworks.sh"
</string>
			<key>showEnvVarsInLog</key>
			<string>0</string>
		</dict>
		<key>7F9A1D11A4456283DBFBA128</key>
		<dict>
			<key>explicitFileType</key>
			<string>wrapper.framework</string>
			<key>includeInIndex</key>
			<string>0</string>
			<key>isa</key>
			<string>PBXFileReference</string>
			<key>path</key>
			<string>Pods_01_Realm_Swift.framework</string>
			<key>sourceTree</key>
			<string>BUILT_PRODUCTS_DIR</string>
		</dict>
		<key>82A4C247945CCF20973BB168</key>
		<dict>
			<key>children</key>
			<array>
				<string>EC5FA9027EC9879728BDCA1A</string>
				<string>701FF19015FB9605F66CDD5C</string>
				<string>EBE313671B00A9A8748124F6</string>
				<string>F1DE654F0CFBC4497E37F7EC</string>
				<string>FE8D9D4125E6C2EB194AA57E</string>
				<string>3DFBEB7F7DFE528EF5AF3AC5</string>
			</array>
			<key>isa</key>
			<string>PBXGroup</string>
			<key>name</key>
			<string>Pods</string>
			<key>sourceTree</key>
			<string>&lt;group&gt;</string>
		</dict>
		<key>83E67937B914B50087B37E85</key>
		<dict>
			<key>fileRef</key>
			<string>7F9A1D11A4456283DBFBA128</string>
			<key>isa</key>
			<string>PBXBuildFile</string>
		</dict>
		<key>A87D561C0E6ED7DB03AA932D</key>
		<dict>
			<key>explicitFileType</key>
			<string>wrapper.framework</string>
			<key>includeInIndex</key>
			<string>0</string>
			<key>isa</key>
			<string>PBXFileReference</string>
			<key>path</key>
			<string>Pods_01_Realm_SwiftTests.framework</string>
			<key>sourceTree</key>
			<string>BUILT_PRODUCTS_DIR</string>
		</dict>
		<key>A8B94540A11E1CBF42D44DA5</key>
		<dict>
			<key>buildActionMask</key>
			<string>2147483647</string>
			<key>files</key>
			<array/>
			<key>inputPaths</key>
			<array/>
			<key>isa</key>
			<string>PBXShellScriptBuildPhase</string>
			<key>name</key>
			<string>[CP] Copy Pods Resources</string>
			<key>outputPaths</key>
			<array/>
			<key>runOnlyForDeploymentPostprocessing</key>
			<string>0</string>
			<key>shellPath</key>
			<string>/bin/sh</string>
			<key>shellScript</key>
			<string>"${SRCROOT}/Pods/Target Support Files/Pods-01_Realm_Swift/Pods-01_Realm_Swift-resources.sh"
</string>
			<key>showEnvVarsInLog</key>
			<string>0</string>
		</dict>
		<key>BB38D9C81ED8A67F00E6C681</key>
		<dict>
			<key>children</key>
			<array>
				<string>BB38D9D31ED8A67F00E6C681</string>
				<string>BB38D9E81ED8A67F00E6C681</string>
				<string>BB38D9F31ED8A67F00E6C681</string>
				<string>25CFAF97916FC5652F1946E4</string>
				<string>82A4C247945CCF20973BB168</string>
				<string>BB38D9D21ED8A67F00E6C681</string>
			</array>
			<key>isa</key>
			<string>PBXGroup</string>
			<key>sourceTree</key>
			<string>&lt;group&gt;</string>
		</dict>
		<key>BB38D9C91ED8A67F00E6C681</key>
		<dict>
			<key>attributes</key>
			<dict>
				<key>LastSwiftUpdateCheck</key>
				<string>0820</string>
				<key>LastUpgradeCheck</key>
				<string>0820</string>
				<key>ORGANIZATIONNAME</key>
				<string>st-ventures.jp</string>
				<key>TargetAttributes</key>
				<dict>
					<key>BB38D9D01ED8A67F00E6C681</key>
					<dict>
						<key>CreatedOnToolsVersion</key>
						<string>8.2.1</string>
						<key>DevelopmentTeam</key>
						<string>PCCZJUYRT6</string>
						<key>ProvisioningStyle</key>
						<string>Automatic</string>
					</dict>
					<key>BB38D9E41ED8A67F00E6C681</key>
					<dict>
						<key>CreatedOnToolsVersion</key>
						<string>8.2.1</string>
						<key>DevelopmentTeam</key>
						<string>PCCZJUYRT6</string>
						<key>ProvisioningStyle</key>
						<string>Automatic</string>
						<key>TestTargetID</key>
						<string>BB38D9D01ED8A67F00E6C681</string>
					</dict>
					<key>BB38D9EF1ED8A67F00E6C681</key>
					<dict>
						<key>CreatedOnToolsVersion</key>
						<string>8.2.1</string>
						<key>DevelopmentTeam</key>
						<string>PCCZJUYRT6</string>
						<key>ProvisioningStyle</key>
						<string>Automatic</string>
						<key>TestTargetID</key>
						<string>BB38D9D01ED8A67F00E6C681</string>
					</dict>
				</dict>
			</dict>
			<key>buildConfigurationList</key>
			<string>BB38D9CC1ED8A67F00E6C681</string>
			<key>compatibilityVersion</key>
			<string>Xcode 3.2</string>
			<key>developmentRegion</key>
			<string>English</string>
			<key>hasScannedForEncodings</key>
			<string>0</string>
			<key>isa</key>
			<string>PBXProject</string>
			<key>knownRegions</key>
			<array>
				<string>en</string>
				<string>Base</string>
			</array>
			<key>mainGroup</key>
			<string>BB38D9C81ED8A67F00E6C681</string>
			<key>productRefGroup</key>
			<string>BB38D9D21ED8A67F00E6C681</string>
			<key>projectDirPath</key>
			<string></string>
			<key>projectReferences</key>
			<array/>
			<key>projectRoot</key>
			<string></string>
			<key>targets</key>
			<array>
				<string>BB38D9D01ED8A67F00E6C681</string>
				<string>BB38D9E41ED8A67F00E6C681</string>
				<string>BB38D9EF1ED8A67F00E6C681</string>
			</array>
		</dict>
		<key>BB38D9CC1ED8A67F00E6C681</key>
		<dict>
			<key>buildConfigurations</key>
			<array>
				<string>BB38D9F71ED8A67F00E6C681</string>
				<string>BB38D9F81ED8A67F00E6C681</string>
			</array>
			<key>defaultConfigurationIsVisible</key>
			<string>0</string>
			<key>defaultConfigurationName</key>
			<string>Release</string>
			<key>isa</key>
			<string>XCConfigurationList</string>
		</dict>
		<key>BB38D9CD1ED8A67F00E6C681</key>
		<dict>
			<key>buildActionMask</key>
			<string>2147483647</string>
			<key>files</key>
			<array>
				<string>BB38D9D71ED8A67F00E6C681</string>
				<string>BBB486E51F2A2E5000A90EE3</string>
				<string>BB38D9D51ED8A67F00E6C681</string>
				<string>BBE9A4BB1ED8AA1E006C6363</string>
			</array>
			<key>isa</key>
			<string>PBXSourcesBuildPhase</string>
			<key>runOnlyForDeploymentPostprocessing</key>
			<string>0</string>
		</dict>
		<key>BB38D9CE1ED8A67F00E6C681</key>
		<dict>
			<key>buildActionMask</key>
			<string>2147483647</string>
			<key>files</key>
			<array>
				<string>83E67937B914B50087B37E85</string>
			</array>
			<key>isa</key>
			<string>PBXFrameworksBuildPhase</string>
			<key>runOnlyForDeploymentPostprocessing</key>
			<string>0</string>
		</dict>
		<key>BB38D9CF1ED8A67F00E6C681</key>
		<dict>
			<key>buildActionMask</key>
			<string>2147483647</string>
			<key>files</key>
			<array>
				<string>BB38D9DF1ED8A67F00E6C681</string>
				<string>BB38D9DC1ED8A67F00E6C681</string>
				<string>BB38D9DA1ED8A67F00E6C681</string>
			</array>
			<key>isa</key>
			<string>PBXResourcesBuildPhase</string>
			<key>runOnlyForDeploymentPostprocessing</key>
			<string>0</string>
		</dict>
		<key>BB38D9D01ED8A67F00E6C681</key>
		<dict>
			<key>buildConfigurationList</key>
			<string>BB38D9F91ED8A67F00E6C681</string>
			<key>buildPhases</key>
			<array>
				<string>69F8D0DBF363F4BB4A2B27AF</string>
				<string>BB38D9CD1ED8A67F00E6C681</string>
				<string>BB38D9CE1ED8A67F00E6C681</string>
				<string>BB38D9CF1ED8A67F00E6C681</string>
				<string>F5BCEEF8C4D621B42B400FDA</string>
				<string>A8B94540A11E1CBF42D44DA5</string>
			</array>
			<key>buildRules</key>
			<array/>
			<key>dependencies</key>
			<array/>
			<key>isa</key>
			<string>PBXNativeTarget</string>
			<key>name</key>
			<string>01_Realm_Swift</string>
			<key>productName</key>
			<string>01_Realm_Swift</string>
			<key>productReference</key>
			<string>BB38D9D11ED8A67F00E6C681</string>
			<key>productType</key>
			<string>com.apple.product-type.application</string>
		</dict>
		<key>BB38D9D11ED8A67F00E6C681</key>
		<dict>
			<key>explicitFileType</key>
			<string>wrapper.application</string>
			<key>includeInIndex</key>
			<string>0</string>
			<key>isa</key>
			<string>PBXFileReference</string>
			<key>path</key>
			<string>01_Realm_Swift.app</string>
			<key>sourceTree</key>
			<string>BUILT_PRODUCTS_DIR</string>
		</dict>
		<key>BB38D9D21ED8A67F00E6C681</key>
		<dict>
			<key>children</key>
			<array>
				<string>BB38D9D11ED8A67F00E6C681</string>
				<string>BB38D9E51ED8A67F00E6C681</string>
				<string>BB38D9F01ED8A67F00E6C681</string>
			</array>
			<key>isa</key>
			<string>PBXGroup</string>
			<key>name</key>
			<string>Products</string>
			<key>sourceTree</key>
			<string>&lt;group&gt;</string>
		</dict>
		<key>BB38D9D31ED8A67F00E6C681</key>
		<dict>
			<key>children</key>
			<array>
				<string>BBB486E61F2A34BC00A90EE3</string>
				<string>BBB486E21F2A2E0900A90EE3</string>
				<string>BBB486E01F2A253900A90EE3</string>
				<string>BBB486E11F2A257600A90EE3</string>
			</array>
			<key>isa</key>
			<string>PBXGroup</string>
			<key>path</key>
			<string>01_Realm_Swift</string>
			<key>sourceTree</key>
			<string>&lt;group&gt;</string>
		</dict>
		<key>BB38D9D41ED8A67F00E6C681</key>
		<dict>
			<key>isa</key>
			<string>PBXFileReference</string>
			<key>lastKnownFileType</key>
			<string>sourcecode.swift</string>
			<key>path</key>
			<string>AppDelegate.swift</string>
			<key>sourceTree</key>
			<string>&lt;group&gt;</string>
		</dict>
		<key>BB38D9D51ED8A67F00E6C681</key>
		<dict>
			<key>fileRef</key>
			<string>BB38D9D41ED8A67F00E6C681</string>
			<key>isa</key>
			<string>PBXBuildFile</string>
		</dict>
		<key>BB38D9D61ED8A67F00E6C681</key>
		<dict>
			<key>isa</key>
			<string>PBXFileReference</string>
			<key>lastKnownFileType</key>
			<string>sourcecode.swift</string>
			<key>path</key>
			<string>ViewController.swift</string>
			<key>sourceTree</key>
			<string>&lt;group&gt;</string>
		</dict>
		<key>BB38D9D71ED8A67F00E6C681</key>
		<dict>
			<key>fileRef</key>
			<string>BB38D9D61ED8A67F00E6C681</string>
			<key>isa</key>
			<string>PBXBuildFile</string>
		</dict>
		<key>BB38D9D81ED8A67F00E6C681</key>
		<dict>
			<key>children</key>
			<array>
				<string>BB38D9D91ED8A67F00E6C681</string>
			</array>
			<key>isa</key>
			<string>PBXVariantGroup</string>
			<key>name</key>
			<string>Main.storyboard</string>
			<key>path</key>
			<string>.</string>
			<key>sourceTree</key>
			<string>&lt;group&gt;</string>
		</dict>
		<key>BB38D9D91ED8A67F00E6C681</key>
		<dict>
			<key>isa</key>
			<string>PBXFileReference</string>
			<key>lastKnownFileType</key>
			<string>file.storyboard</string>
			<key>name</key>
			<string>Base</string>
			<key>path</key>
			<string>Base.lproj/Main.storyboard</string>
			<key>sourceTree</key>
			<string>&lt;group&gt;</string>
		</dict>
		<key>BB38D9DA1ED8A67F00E6C681</key>
		<dict>
			<key>fileRef</key>
			<string>BB38D9D81ED8A67F00E6C681</string>
			<key>isa</key>
			<string>PBXBuildFile</string>
		</dict>
		<key>BB38D9DB1ED8A67F00E6C681</key>
		<dict>
			<key>isa</key>
			<string>PBXFileReference</string>
			<key>lastKnownFileType</key>
			<string>folder.assetcatalog</string>
			<key>path</key>
			<string>Assets.xcassets</string>
			<key>sourceTree</key>
			<string>&lt;group&gt;</string>
		</dict>
		<key>BB38D9DC1ED8A67F00E6C681</key>
		<dict>
			<key>fileRef</key>
			<string>BB38D9DB1ED8A67F00E6C681</string>
			<key>isa</key>
			<string>PBXBuildFile</string>
		</dict>
		<key>BB38D9DD1ED8A67F00E6C681</key>
		<dict>
			<key>children</key>
			<array>
				<string>BB38D9DE1ED8A67F00E6C681</string>
			</array>
			<key>isa</key>
			<string>PBXVariantGroup</string>
			<key>name</key>
			<string>LaunchScreen.storyboard</string>
			<key>path</key>
			<string>.</string>
			<key>sourceTree</key>
			<string>&lt;group&gt;</string>
		</dict>
		<key>BB38D9DE1ED8A67F00E6C681</key>
		<dict>
			<key>isa</key>
			<string>PBXFileReference</string>
			<key>lastKnownFileType</key>
			<string>file.storyboard</string>
			<key>name</key>
			<string>Base</string>
			<key>path</key>
			<string>Base.lproj/LaunchScreen.storyboard</string>
			<key>sourceTree</key>
			<string>&lt;group&gt;</string>
		</dict>
		<key>BB38D9DF1ED8A67F00E6C681</key>
		<dict>
			<key>fileRef</key>
			<string>BB38D9DD1ED8A67F00E6C681</string>
			<key>isa</key>
			<string>PBXBuildFile</string>
		</dict>
		<key>BB38D9E01ED8A67F00E6C681</key>
		<dict>
			<key>isa</key>
			<string>PBXFileReference</string>
			<key>lastKnownFileType</key>
			<string>text.plist.xml</string>
			<key>path</key>
			<string>Info.plist</string>
			<key>sourceTree</key>
			<string>&lt;group&gt;</string>
		</dict>
		<key>BB38D9E11ED8A67F00E6C681</key>
		<dict>
			<key>buildActionMask</key>
			<string>2147483647</string>
			<key>files</key>
			<array>
				<string>BB38D9EA1ED8A67F00E6C681</string>
			</array>
			<key>isa</key>
			<string>PBXSourcesBuildPhase</string>
			<key>runOnlyForDeploymentPostprocessing</key>
			<string>0</string>
		</dict>
		<key>BB38D9E21ED8A67F00E6C681</key>
		<dict>
			<key>buildActionMask</key>
			<string>2147483647</string>
			<key>files</key>
			<array>
				<string>2ADFDA6E2C2C11ABE147A7B9</string>
			</array>
			<key>isa</key>
			<string>PBXFrameworksBuildPhase</string>
			<key>runOnlyForDeploymentPostprocessing</key>
			<string>0</string>
		</dict>
		<key>BB38D9E31ED8A67F00E6C681</key>
		<dict>
			<key>buildActionMask</key>
			<string>2147483647</string>
			<key>files</key>
			<array/>
			<key>isa</key>
			<string>PBXResourcesBuildPhase</string>
			<key>runOnlyForDeploymentPostprocessing</key>
			<string>0</string>
		</dict>
		<key>BB38D9E41ED8A67F00E6C681</key>
		<dict>
			<key>buildConfigurationList</key>
			<string>BB38D9FC1ED8A67F00E6C681</string>
			<key>buildPhases</key>
			<array>
				<string>145C897DDC6967FC06FEEEA5</string>
				<string>BB38D9E11ED8A67F00E6C681</string>
				<string>BB38D9E21ED8A67F00E6C681</string>
				<string>BB38D9E31ED8A67F00E6C681</string>
				<string>23F2DA752EAFDBC263A16C98</string>
				<string>E030A394088BF80C96DA3243</string>
			</array>
			<key>buildRules</key>
			<array/>
			<key>dependencies</key>
			<array>
				<string>BB38D9E71ED8A67F00E6C681</string>
			</array>
			<key>isa</key>
			<string>PBXNativeTarget</string>
			<key>name</key>
			<string>01_Realm_SwiftTests</string>
			<key>productName</key>
			<string>01_Realm_SwiftTests</string>
			<key>productReference</key>
			<string>BB38D9E51ED8A67F00E6C681</string>
			<key>productType</key>
			<string>com.apple.product-type.bundle.unit-test</string>
		</dict>
		<key>BB38D9E51ED8A67F00E6C681</key>
		<dict>
			<key>explicitFileType</key>
			<string>wrapper.cfbundle</string>
			<key>includeInIndex</key>
			<string>0</string>
			<key>isa</key>
			<string>PBXFileReference</string>
			<key>path</key>
			<string>01_Realm_SwiftTests.xctest</string>
			<key>sourceTree</key>
			<string>BUILT_PRODUCTS_DIR</string>
		</dict>
		<key>BB38D9E61ED8A67F00E6C681</key>
		<dict>
			<key>containerPortal</key>
			<string>BB38D9C91ED8A67F00E6C681</string>
			<key>isa</key>
			<string>PBXContainerItemProxy</string>
			<key>proxyType</key>
			<string>1</string>
			<key>remoteGlobalIDString</key>
			<string>BB38D9D01ED8A67F00E6C681</string>
			<key>remoteInfo</key>
			<string>01_Realm_Swift</string>
		</dict>
		<key>BB38D9E71ED8A67F00E6C681</key>
		<dict>
			<key>isa</key>
			<string>PBXTargetDependency</string>
			<key>target</key>
			<string>BB38D9D01ED8A67F00E6C681</string>
			<key>targetProxy</key>
			<string>BB38D9E61ED8A67F00E6C681</string>
		</dict>
		<key>BB38D9E81ED8A67F00E6C681</key>
		<dict>
			<key>children</key>
			<array>
				<string>BB38D9EB1ED8A67F00E6C681</string>
				<string>BB38D9E91ED8A67F00E6C681</string>
			</array>
			<key>isa</key>
			<string>PBXGroup</string>
			<key>path</key>
			<string>01_Realm_SwiftTests</string>
			<key>sourceTree</key>
			<string>&lt;group&gt;</string>
		</dict>
		<key>BB38D9E91ED8A67F00E6C681</key>
		<dict>
			<key>isa</key>
			<string>PBXFileReference</string>
			<key>lastKnownFileType</key>
			<string>sourcecode.swift</string>
			<key>path</key>
			<string>_1_Realm_SwiftTests.swift</string>
			<key>sourceTree</key>
			<string>&lt;group&gt;</string>
		</dict>
		<key>BB38D9EA1ED8A67F00E6C681</key>
		<dict>
			<key>fileRef</key>
			<string>BB38D9E91ED8A67F00E6C681</string>
			<key>isa</key>
			<string>PBXBuildFile</string>
		</dict>
		<key>BB38D9EB1ED8A67F00E6C681</key>
		<dict>
			<key>isa</key>
			<string>PBXFileReference</string>
			<key>lastKnownFileType</key>
			<string>text.plist.xml</string>
			<key>path</key>
			<string>Info.plist</string>
			<key>sourceTree</key>
			<string>&lt;group&gt;</string>
		</dict>
		<key>BB38D9EC1ED8A67F00E6C681</key>
		<dict>
			<key>buildActionMask</key>
			<string>2147483647</string>
			<key>files</key>
			<array>
				<string>BB38D9F51ED8A67F00E6C681</string>
			</array>
			<key>isa</key>
			<string>PBXSourcesBuildPhase</string>
			<key>runOnlyForDeploymentPostprocessing</key>
			<string>0</string>
		</dict>
		<key>BB38D9ED1ED8A67F00E6C681</key>
		<dict>
			<key>buildActionMask</key>
			<string>2147483647</string>
			<key>files</key>
			<array>
				<string>DC665485D2CA3A713F32B153</string>
			</array>
			<key>isa</key>
			<string>PBXFrameworksBuildPhase</string>
			<key>runOnlyForDeploymentPostprocessing</key>
			<string>0</string>
		</dict>
		<key>BB38D9EE1ED8A67F00E6C681</key>
		<dict>
			<key>buildActionMask</key>
			<string>2147483647</string>
			<key>files</key>
			<array/>
			<key>isa</key>
			<string>PBXResourcesBuildPhase</string>
			<key>runOnlyForDeploymentPostprocessing</key>
			<string>0</string>
		</dict>
		<key>BB38D9EF1ED8A67F00E6C681</key>
		<dict>
			<key>buildConfigurationList</key>
			<string>BB38D9FF1ED8A67F00E6C681</string>
			<key>buildPhases</key>
			<array>
				<string>CFF63CD6168E57587AF9E7B3</string>
				<string>BB38D9EC1ED8A67F00E6C681</string>
				<string>BB38D9ED1ED8A67F00E6C681</string>
				<string>BB38D9EE1ED8A67F00E6C681</string>
				<string>7294BD9D0BF23293096A1766</string>
				<string>69EAA12DAD87DE773B7B9448</string>
			</array>
			<key>buildRules</key>
			<array/>
			<key>dependencies</key>
			<array>
				<string>BB38D9F21ED8A67F00E6C681</string>
			</array>
			<key>isa</key>
			<string>PBXNativeTarget</string>
			<key>name</key>
			<string>01_Realm_SwiftUITests</string>
			<key>productName</key>
			<string>01_Realm_SwiftUITests</string>
			<key>productReference</key>
			<string>BB38D9F01ED8A67F00E6C681</string>
			<key>productType</key>
			<string>com.apple.product-type.bundle.ui-testing</string>
		</dict>
		<key>BB38D9F01ED8A67F00E6C681</key>
		<dict>
			<key>explicitFileType</key>
			<string>wrapper.cfbundle</string>
			<key>includeInIndex</key>
			<string>0</string>
			<key>isa</key>
			<string>PBXFileReference</string>
			<key>path</key>
			<string>01_Realm_SwiftUITests.xctest</string>
			<key>sourceTree</key>
			<string>BUILT_PRODUCTS_DIR</string>
		</dict>
		<key>BB38D9F11ED8A67F00E6C681</key>
		<dict>
			<key>containerPortal</key>
			<string>BB38D9C91ED8A67F00E6C681</string>
			<key>isa</key>
			<string>PBXContainerItemProxy</string>
			<key>proxyType</key>
			<string>1</string>
			<key>remoteGlobalIDString</key>
			<string>BB38D9D01ED8A67F00E6C681</string>
			<key>remoteInfo</key>
			<string>01_Realm_Swift</string>
		</dict>
		<key>BB38D9F21ED8A67F00E6C681</key>
		<dict>
			<key>isa</key>
			<string>PBXTargetDependency</string>
			<key>target</key>
			<string>BB38D9D01ED8A67F00E6C681</string>
			<key>targetProxy</key>
			<string>BB38D9F11ED8A67F00E6C681</string>
		</dict>
		<key>BB38D9F31ED8A67F00E6C681</key>
		<dict>
			<key>children</key>
			<array>
				<string>BB38D9F61ED8A67F00E6C681</string>
				<string>BB38D9F41ED8A67F00E6C681</string>
			</array>
			<key>isa</key>
			<string>PBXGroup</string>
			<key>path</key>
			<string>01_Realm_SwiftUITests</string>
			<key>sourceTree</key>
			<string>&lt;group&gt;</string>
		</dict>
		<key>BB38D9F41ED8A67F00E6C681</key>
		<dict>
			<key>isa</key>
			<string>PBXFileReference</string>
			<key>lastKnownFileType</key>
			<string>sourcecode.swift</string>
			<key>path</key>
			<string>_1_Realm_SwiftUITests.swift</string>
			<key>sourceTree</key>
			<string>&lt;group&gt;</string>
		</dict>
		<key>BB38D9F51ED8A67F00E6C681</key>
		<dict>
			<key>fileRef</key>
			<string>BB38D9F41ED8A67F00E6C681</string>
			<key>isa</key>
			<string>PBXBuildFile</string>
		</dict>
		<key>BB38D9F61ED8A67F00E6C681</key>
		<dict>
			<key>isa</key>
			<string>PBXFileReference</string>
			<key>lastKnownFileType</key>
			<string>text.plist.xml</string>
			<key>path</key>
			<string>Info.plist</string>
			<key>sourceTree</key>
			<string>&lt;group&gt;</string>
		</dict>
		<key>BB38D9F71ED8A67F00E6C681</key>
		<dict>
			<key>buildSettings</key>
			<dict>
				<key>ALWAYS_SEARCH_USER_PATHS</key>
				<string>NO</string>
				<key>CLANG_ANALYZER_NONNULL</key>
				<string>YES</string>
				<key>CLANG_CXX_LANGUAGE_STANDARD</key>
				<string>gnu++0x</string>
				<key>CLANG_CXX_LIBRARY</key>
				<string>libc++</string>
				<key>CLANG_ENABLE_MODULES</key>
				<string>YES</string>
				<key>CLANG_ENABLE_OBJC_ARC</key>
				<string>YES</string>
				<key>CLANG_WARN_BOOL_CONVERSION</key>
				<string>YES</string>
				<key>CLANG_WARN_CONSTANT_CONVERSION</key>
				<string>YES</string>
				<key>CLANG_WARN_DIRECT_OBJC_ISA_USAGE</key>
				<string>YES_ERROR</string>
				<key>CLANG_WARN_DOCUMENTATION_COMMENTS</key>
				<string>YES</string>
				<key>CLANG_WARN_EMPTY_BODY</key>
				<string>YES</string>
				<key>CLANG_WARN_ENUM_CONVERSION</key>
				<string>YES</string>
				<key>CLANG_WARN_INFINITE_RECURSION</key>
				<string>YES</string>
				<key>CLANG_WARN_INT_CONVERSION</key>
				<string>YES</string>
				<key>CLANG_WARN_OBJC_ROOT_CLASS</key>
				<string>YES_ERROR</string>
				<key>CLANG_WARN_SUSPICIOUS_MOVE</key>
				<string>YES</string>
				<key>CLANG_WARN_UNREACHABLE_CODE</key>
				<string>YES</string>
				<key>CLANG_WARN__DUPLICATE_METHOD_MATCH</key>
				<string>YES</string>
				<key>CODE_SIGN_IDENTITY[sdk=iphoneos*]</key>
				<string>iPhone Developer</string>
				<key>COPY_PHASE_STRIP</key>
				<string>NO</string>
				<key>DEBUG_INFORMATION_FORMAT</key>
				<string>dwarf</string>
				<key>ENABLE_STRICT_OBJC_MSGSEND</key>
				<string>YES</string>
				<key>ENABLE_TESTABILITY</key>
				<string>YES</string>
				<key>GCC_C_LANGUAGE_STANDARD</key>
				<string>gnu99</string>
				<key>GCC_DYNAMIC_NO_PIC</key>
				<string>NO</string>
				<key>GCC_NO_COMMON_BLOCKS</key>
				<string>YES</string>
				<key>GCC_OPTIMIZATION_LEVEL</key>
				<string>0</string>
				<key>GCC_PREPROCESSOR_DEFINITIONS</key>
				<array>
					<string>DEBUG=1</string>
					<string>$(inherited)</string>
				</array>
				<key>GCC_WARN_64_TO_32_BIT_CONVERSION</key>
				<string>YES</string>
				<key>GCC_WARN_ABOUT_RETURN_TYPE</key>
				<string>YES_ERROR</string>
				<key>GCC_WARN_UNDECLARED_SELECTOR</key>
				<string>YES</string>
				<key>GCC_WARN_UNINITIALIZED_AUTOS</key>
				<string>YES_AGGRESSIVE</string>
				<key>GCC_WARN_UNUSED_FUNCTION</key>
				<string>YES</string>
				<key>GCC_WARN_UNUSED_VARIABLE</key>
				<string>YES</string>
				<key>IPHONEOS_DEPLOYMENT_TARGET</key>
				<string>10.2</string>
				<key>MTL_ENABLE_DEBUG_INFO</key>
				<string>YES</string>
				<key>ONLY_ACTIVE_ARCH</key>
				<string>YES</string>
				<key>SDKROOT</key>
				<string>iphoneos</string>
				<key>SWIFT_ACTIVE_COMPILATION_CONDITIONS</key>
				<string>DEBUG</string>
				<key>SWIFT_OPTIMIZATION_LEVEL</key>
				<string>-Onone</string>
			</dict>
			<key>isa</key>
			<string>XCBuildConfiguration</string>
			<key>name</key>
			<string>Debug</string>
		</dict>
		<key>BB38D9F81ED8A67F00E6C681</key>
		<dict>
			<key>buildSettings</key>
			<dict>
				<key>ALWAYS_SEARCH_USER_PATHS</key>
				<string>NO</string>
				<key>CLANG_ANALYZER_NONNULL</key>
				<string>YES</string>
				<key>CLANG_CXX_LANGUAGE_STANDARD</key>
				<string>gnu++0x</string>
				<key>CLANG_CXX_LIBRARY</key>
				<string>libc++</string>
				<key>CLANG_ENABLE_MODULES</key>
				<string>YES</string>
				<key>CLANG_ENABLE_OBJC_ARC</key>
				<string>YES</string>
				<key>CLANG_WARN_BOOL_CONVERSION</key>
				<string>YES</string>
				<key>CLANG_WARN_CONSTANT_CONVERSION</key>
				<string>YES</string>
				<key>CLANG_WARN_DIRECT_OBJC_ISA_USAGE</key>
				<string>YES_ERROR</string>
				<key>CLANG_WARN_DOCUMENTATION_COMMENTS</key>
				<string>YES</string>
				<key>CLANG_WARN_EMPTY_BODY</key>
				<string>YES</string>
				<key>CLANG_WARN_ENUM_CONVERSION</key>
				<string>YES</string>
				<key>CLANG_WARN_INFINITE_RECURSION</key>
				<string>YES</string>
				<key>CLANG_WARN_INT_CONVERSION</key>
				<string>YES</string>
				<key>CLANG_WARN_OBJC_ROOT_CLASS</key>
				<string>YES_ERROR</string>
				<key>CLANG_WARN_SUSPICIOUS_MOVE</key>
				<string>YES</string>
				<key>CLANG_WARN_UNREACHABLE_CODE</key>
				<string>YES</string>
				<key>CLANG_WARN__DUPLICATE_METHOD_MATCH</key>
				<string>YES</string>
				<key>CODE_SIGN_IDENTITY[sdk=iphoneos*]</key>
				<string>iPhone Developer</string>
				<key>COPY_PHASE_STRIP</key>
				<string>NO</string>
				<key>DEBUG_INFORMATION_FORMAT</key>
				<string>dwarf-with-dsym</string>
				<key>ENABLE_NS_ASSERTIONS</key>
				<string>NO</string>
				<key>ENABLE_STRICT_OBJC_MSGSEND</key>
				<string>YES</string>
				<key>GCC_C_LANGUAGE_STANDARD</key>
				<string>gnu99</string>
				<key>GCC_NO_COMMON_BLOCKS</key>
				<string>YES</string>
				<key>GCC_WARN_64_TO_32_BIT_CONVERSION</key>
				<string>YES</string>
				<key>GCC_WARN_ABOUT_RETURN_TYPE</key>
				<string>YES_ERROR</string>
				<key>GCC_WARN_UNDECLARED_SELECTOR</key>
				<string>YES</string>
				<key>GCC_WARN_UNINITIALIZED_AUTOS</key>
				<string>YES_AGGRESSIVE</string>
				<key>GCC_WARN_UNUSED_FUNCTION</key>
				<string>YES</string>
				<key>GCC_WARN_UNUSED_VARIABLE</key>
				<string>YES</string>
				<key>IPHONEOS_DEPLOYMENT_TARGET</key>
				<string>10.2</string>
				<key>MTL_ENABLE_DEBUG_INFO</key>
				<string>NO</string>
				<key>SDKROOT</key>
				<string>iphoneos</string>
				<key>SWIFT_OPTIMIZATION_LEVEL</key>
				<string>-Owholemodule</string>
				<key>VALIDATE_PRODUCT</key>
				<string>YES</string>
			</dict>
			<key>isa</key>
			<string>XCBuildConfiguration</string>
			<key>name</key>
			<string>Release</string>
		</dict>
		<key>BB38D9F91ED8A67F00E6C681</key>
		<dict>
			<key>buildConfigurations</key>
			<array>
				<string>BB38D9FA1ED8A67F00E6C681</string>
				<string>BB38D9FB1ED8A67F00E6C681</string>
			</array>
			<key>defaultConfigurationIsVisible</key>
			<string>0</string>
			<key>defaultConfigurationName</key>
			<string>Release</string>
			<key>isa</key>
			<string>XCConfigurationList</string>
		</dict>
		<key>BB38D9FA1ED8A67F00E6C681</key>
		<dict>
			<key>baseConfigurationReference</key>
			<string>EC5FA9027EC9879728BDCA1A</string>
			<key>buildSettings</key>
			<dict>
				<key>ALWAYS_EMBED_SWIFT_STANDARD_LIBRARIES</key>
				<string>YES</string>
				<key>ASSETCATALOG_COMPILER_APPICON_NAME</key>
				<string>AppIcon</string>
				<key>DEVELOPMENT_TEAM</key>
				<string>PCCZJUYRT6</string>
				<key>INFOPLIST_FILE</key>
				<string>01_Realm_Swift/other/Info.plist</string>
				<key>LD_RUNPATH_SEARCH_PATHS</key>
				<string>$(inherited) @executable_path/Frameworks</string>
				<key>PRODUCT_BUNDLE_IDENTIFIER</key>
				<string>jp.st-ventures.-1-Realm-Swift</string>
				<key>PRODUCT_NAME</key>
				<string>$(TARGET_NAME)</string>
				<key>SWIFT_VERSION</key>
				<string>3.0</string>
			</dict>
			<key>isa</key>
			<string>XCBuildConfiguration</string>
			<key>name</key>
			<string>Debug</string>
		</dict>
		<key>BB38D9FB1ED8A67F00E6C681</key>
		<dict>
			<key>baseConfigurationReference</key>
			<string>701FF19015FB9605F66CDD5C</string>
			<key>buildSettings</key>
			<dict>
				<key>ALWAYS_EMBED_SWIFT_STANDARD_LIBRARIES</key>
				<string>YES</string>
				<key>ASSETCATALOG_COMPILER_APPICON_NAME</key>
				<string>AppIcon</string>
				<key>DEVELOPMENT_TEAM</key>
				<string>PCCZJUYRT6</string>
				<key>INFOPLIST_FILE</key>
				<string>01_Realm_Swift/other/Info.plist</string>
				<key>LD_RUNPATH_SEARCH_PATHS</key>
				<string>$(inherited) @executable_path/Frameworks</string>
				<key>PRODUCT_BUNDLE_IDENTIFIER</key>
				<string>jp.st-ventures.-1-Realm-Swift</string>
				<key>PRODUCT_NAME</key>
				<string>$(TARGET_NAME)</string>
				<key>SWIFT_VERSION</key>
				<string>3.0</string>
			</dict>
			<key>isa</key>
			<string>XCBuildConfiguration</string>
			<key>name</key>
			<string>Release</string>
		</dict>
		<key>BB38D9FC1ED8A67F00E6C681</key>
		<dict>
			<key>buildConfigurations</key>
			<array>
				<string>BB38D9FD1ED8A67F00E6C681</string>
				<string>BB38D9FE1ED8A67F00E6C681</string>
			</array>
			<key>defaultConfigurationIsVisible</key>
			<string>0</string>
			<key>defaultConfigurationName</key>
			<string>Release</string>
			<key>isa</key>
			<string>XCConfigurationList</string>
		</dict>
		<key>BB38D9FD1ED8A67F00E6C681</key>
		<dict>
			<key>baseConfigurationReference</key>
			<string>EBE313671B00A9A8748124F6</string>
			<key>buildSettings</key>
			<dict>
				<key>ALWAYS_EMBED_SWIFT_STANDARD_LIBRARIES</key>
				<string>YES</string>
				<key>BUNDLE_LOADER</key>
				<string>$(TEST_HOST)</string>
				<key>DEVELOPMENT_TEAM</key>
				<string>PCCZJUYRT6</string>
				<key>INFOPLIST_FILE</key>
				<string>01_Realm_SwiftTests/Info.plist</string>
				<key>LD_RUNPATH_SEARCH_PATHS</key>
				<string>$(inherited) @executable_path/Frameworks @loader_path/Frameworks</string>
				<key>PRODUCT_BUNDLE_IDENTIFIER</key>
				<string>jp.st-ventures.-1-Realm-SwiftTests</string>
				<key>PRODUCT_NAME</key>
				<string>$(TARGET_NAME)</string>
				<key>SWIFT_VERSION</key>
				<string>3.0</string>
				<key>TEST_HOST</key>
				<string>$(BUILT_PRODUCTS_DIR)/01_Realm_Swift.app/01_Realm_Swift</string>
			</dict>
			<key>isa</key>
			<string>XCBuildConfiguration</string>
			<key>name</key>
			<string>Debug</string>
		</dict>
		<key>BB38D9FE1ED8A67F00E6C681</key>
		<dict>
			<key>baseConfigurationReference</key>
			<string>F1DE654F0CFBC4497E37F7EC</string>
			<key>buildSettings</key>
			<dict>
				<key>ALWAYS_EMBED_SWIFT_STANDARD_LIBRARIES</key>
				<string>YES</string>
				<key>BUNDLE_LOADER</key>
				<string>$(TEST_HOST)</string>
				<key>DEVELOPMENT_TEAM</key>
				<string>PCCZJUYRT6</string>
				<key>INFOPLIST_FILE</key>
				<string>01_Realm_SwiftTests/Info.plist</string>
				<key>LD_RUNPATH_SEARCH_PATHS</key>
				<string>$(inherited) @executable_path/Frameworks @loader_path/Frameworks</string>
				<key>PRODUCT_BUNDLE_IDENTIFIER</key>
				<string>jp.st-ventures.-1-Realm-SwiftTests</string>
				<key>PRODUCT_NAME</key>
				<string>$(TARGET_NAME)</string>
				<key>SWIFT_VERSION</key>
				<string>3.0</string>
				<key>TEST_HOST</key>
				<string>$(BUILT_PRODUCTS_DIR)/01_Realm_Swift.app/01_Realm_Swift</string>
			</dict>
			<key>isa</key>
			<string>XCBuildConfiguration</string>
			<key>name</key>
			<string>Release</string>
		</dict>
		<key>BB38D9FF1ED8A67F00E6C681</key>
		<dict>
			<key>buildConfigurations</key>
			<array>
				<string>BB38DA001ED8A67F00E6C681</string>
				<string>BB38DA011ED8A67F00E6C681</string>
			</array>
			<key>defaultConfigurationIsVisible</key>
			<string>0</string>
			<key>defaultConfigurationName</key>
			<string>Release</string>
			<key>isa</key>
			<string>XCConfigurationList</string>
		</dict>
		<key>BB38DA001ED8A67F00E6C681</key>
		<dict>
			<key>baseConfigurationReference</key>
			<string>FE8D9D4125E6C2EB194AA57E</string>
			<key>buildSettings</key>
			<dict>
				<key>ALWAYS_EMBED_SWIFT_STANDARD_LIBRARIES</key>
				<string>YES</string>
				<key>DEVELOPMENT_TEAM</key>
				<string>PCCZJUYRT6</string>
				<key>INFOPLIST_FILE</key>
				<string>01_Realm_SwiftUITests/Info.plist</string>
				<key>LD_RUNPATH_SEARCH_PATHS</key>
				<string>$(inherited) @executable_path/Frameworks @loader_path/Frameworks</string>
				<key>PRODUCT_BUNDLE_IDENTIFIER</key>
				<string>jp.st-ventures.-1-Realm-SwiftUITests</string>
				<key>PRODUCT_NAME</key>
				<string>$(TARGET_NAME)</string>
				<key>SWIFT_VERSION</key>
				<string>3.0</string>
				<key>TEST_TARGET_NAME</key>
				<string>01_Realm_Swift</string>
			</dict>
			<key>isa</key>
			<string>XCBuildConfiguration</string>
			<key>name</key>
			<string>Debug</string>
		</dict>
		<key>BB38DA011ED8A67F00E6C681</key>
		<dict>
			<key>baseConfigurationReference</key>
			<string>3DFBEB7F7DFE528EF5AF3AC5</string>
			<key>buildSettings</key>
			<dict>
				<key>ALWAYS_EMBED_SWIFT_STANDARD_LIBRARIES</key>
				<string>YES</string>
				<key>DEVELOPMENT_TEAM</key>
				<string>PCCZJUYRT6</string>
				<key>INFOPLIST_FILE</key>
				<string>01_Realm_SwiftUITests/Info.plist</string>
				<key>LD_RUNPATH_SEARCH_PATHS</key>
				<string>$(inherited) @executable_path/Frameworks @loader_path/Frameworks</string>
				<key>PRODUCT_BUNDLE_IDENTIFIER</key>
				<string>jp.st-ventures.-1-Realm-SwiftUITests</string>
				<key>PRODUCT_NAME</key>
				<string>$(TARGET_NAME)</string>
				<key>SWIFT_VERSION</key>
				<string>3.0</string>
				<key>TEST_TARGET_NAME</key>
				<string>01_Realm_Swift</string>
			</dict>
			<key>isa</key>
			<string>XCBuildConfiguration</string>
			<key>name</key>
			<string>Release</string>
		</dict>
		<key>BBB486E01F2A253900A90EE3</key>
		<dict>
			<key>children</key>
			<array>
				<string>BBE9A4BA1ED8AA1E006C6363</string>
			</array>
			<key>isa</key>
			<string>PBXGroup</string>
			<key>name</key>
			<string>model</string>
			<key>path</key>
			<string>model</string>
			<key>sourceTree</key>
			<string>&lt;group&gt;</string>
		</dict>
		<key>BBB486E11F2A257600A90EE3</key>
		<dict>
			<key>children</key>
			<array>
				<string>BB38D9D41ED8A67F00E6C681</string>
				<string>BB38D9DB1ED8A67F00E6C681</string>
				<string>BB38D9E01ED8A67F00E6C681</string>
				<string>BB38D9DD1ED8A67F00E6C681</string>
			</array>
			<key>isa</key>
			<string>PBXGroup</string>
			<key>name</key>
			<string>other</string>
			<key>path</key>
			<string>other</string>
			<key>sourceTree</key>
			<string>&lt;group&gt;</string>
		</dict>
		<key>BBB486E21F2A2E0900A90EE3</key>
		<dict>
			<key>children</key>
			<array>
				<string>BBB486E31F2A2E1600A90EE3</string>
			</array>
			<key>isa</key>
			<string>PBXGroup</string>
			<key>name</key>
			<string>helper</string>
			<key>path</key>
			<string>helper</string>
			<key>sourceTree</key>
			<string>&lt;group&gt;</string>
		</dict>
		<key>BBB486E31F2A2E1600A90EE3</key>
		<dict>
			<key>children</key>
			<array>
				<string>BBB486E41F2A2E5000A90EE3</string>
			</array>
			<key>isa</key>
			<string>PBXGroup</string>
			<key>name</key>
			<string>Extension</string>
			<key>path</key>
			<string>Extension</string>
			<key>sourceTree</key>
			<string>&lt;group&gt;</string>
		</dict>
		<key>BBB486E41F2A2E5000A90EE3</key>
		<dict>
			<key>fileEncoding</key>
			<string>4</string>
			<key>isa</key>
			<string>PBXFileReference</string>
			<key>lastKnownFileType</key>
			<string>sourcecode.swift</string>
			<key>path</key>
			<string>Int+RandomNum.swift</string>
			<key>sourceTree</key>
			<string>&lt;group&gt;</string>
		</dict>
		<key>BBB486E51F2A2E5000A90EE3</key>
		<dict>
			<key>fileRef</key>
			<string>BBB486E41F2A2E5000A90EE3</string>
			<key>isa</key>
			<string>PBXBuildFile</string>
		</dict>
		<key>BBB486E61F2A34BC00A90EE3</key>
		<dict>
			<key>children</key>
			<array>
				<string>BB38D9D81ED8A67F00E6C681</string>
				<string>BB38D9D61ED8A67F00E6C681</string>
			</array>
			<key>isa</key>
			<string>PBXGroup</string>
			<key>name</key>
			<string>controller</string>
			<key>path</key>
			<string>controller</string>
			<key>sourceTree</key>
			<string>&lt;group&gt;</string>
		</dict>
		<key>BBE9A4BA1ED8AA1E006C6363</key>
		<dict>
			<key>fileEncoding</key>
			<string>4</string>
			<key>isa</key>
			<string>PBXFileReference</string>
			<key>lastKnownFileType</key>
			<string>sourcecode.swift</string>
			<key>path</key>
			<string>RealmSwiftSet.swift</string>
			<key>sourceTree</key>
			<string>&lt;group&gt;</string>
		</dict>
		<key>BBE9A4BB1ED8AA1E006C6363</key>
		<dict>
			<key>fileRef</key>
			<string>BBE9A4BA1ED8AA1E006C6363</string>
			<key>isa</key>
			<string>PBXBuildFile</string>
		</dict>
		<key>CFF63CD6168E57587AF9E7B3</key>
		<dict>
			<key>buildActionMask</key>
			<string>2147483647</string>
			<key>files</key>
			<array/>
			<key>inputPaths</key>
			<array/>
			<key>isa</key>
			<string>PBXShellScriptBuildPhase</string>
			<key>name</key>
			<string>[CP] Check Pods Manifest.lock</string>
			<key>outputPaths</key>
			<array/>
			<key>runOnlyForDeploymentPostprocessing</key>
			<string>0</string>
			<key>shellPath</key>
			<string>/bin/sh</string>
			<key>shellScript</key>
			<string>diff "${PODS_ROOT}/../Podfile.lock" "${PODS_ROOT}/Manifest.lock" &gt; /dev/null
if [ $? != 0 ] ; then
    # print error to STDERR
    echo "error: The sandbox is not in sync with the Podfile.lock. Run 'pod install' or update your CocoaPods installation." &gt;&amp;2
    exit 1
fi
</string>
			<key>showEnvVarsInLog</key>
			<string>0</string>
		</dict>
		<key>DC665485D2CA3A713F32B153</key>
		<dict>
			<key>fileRef</key>
			<string>53534B056C1E05ACF7E0F5D6</string>
			<key>isa</key>
			<string>PBXBuildFile</string>
		</dict>
		<key>E030A394088BF80C96DA3243</key>
		<dict>
			<key>buildActionMask</key>
			<string>2147483647</string>
			<key>files</key>
			<array/>
			<key>inputPaths</key>
			<array/>
			<key>isa</key>
			<string>PBXShellScriptBuildPhase</string>
			<key>name</key>
			<string>[CP] Copy Pods Resources</string>
			<key>outputPaths</key>
			<array/>
			<key>runOnlyForDeploymentPostprocessing</key>
			<string>0</string>
			<key>shellPath</key>
			<string>/bin/sh</string>
			<key>shellScript</key>
			<string>"${SRCROOT}/Pods/Target Support Files/Pods-01_Realm_SwiftTests/Pods-01_Realm_SwiftTests-resources.sh"
</string>
			<key>showEnvVarsInLog</key>
			<string>0</string>
		</dict>
		<key>EBE313671B00A9A8748124F6</key>
		<dict>
			<key>includeInIndex</key>
			<string>1</string>
			<key>isa</key>
			<string>PBXFileReference</string>
			<key>lastKnownFileType</key>
			<string>text.xcconfig</string>
			<key>name</key>
			<string>Pods-01_Realm_SwiftTests.debug.xcconfig</string>
			<key>path</key>
			<string>Pods/Target Support Files/Pods-01_Realm_SwiftTests/Pods-01_Realm_SwiftTests.debug.xcconfig</string>
			<key>sourceTree</key>
			<string>&lt;group&gt;</string>
		</dict>
		<key>EC5FA9027EC9879728BDCA1A</key>
		<dict>
			<key>includeInIndex</key>
			<string>1</string>
			<key>isa</key>
			<string>PBXFileReference</string>
			<key>lastKnownFileType</key>
			<string>text.xcconfig</string>
			<key>name</key>
			<string>Pods-01_Realm_Swift.debug.xcconfig</string>
			<key>path</key>
			<string>Pods/Target Support Files/Pods-01_Realm_Swift/Pods-01_Realm_Swift.debug.xcconfig</string>
			<key>sourceTree</key>
			<string>&lt;group&gt;</string>
		</dict>
		<key>F1DE654F0CFBC4497E37F7EC</key>
		<dict>
			<key>includeInIndex</key>
			<string>1</string>
			<key>isa</key>
			<string>PBXFileReference</string>
			<key>lastKnownFileType</key>
			<string>text.xcconfig</string>
			<key>name</key>
			<string>Pods-01_Realm_SwiftTests.release.xcconfig</string>
			<key>path</key>
			<string>Pods/Target Support Files/Pods-01_Realm_SwiftTests/Pods-01_Realm_SwiftTests.release.xcconfig</string>
			<key>sourceTree</key>
			<string>&lt;group&gt;</string>
		</dict>
		<key>F5BCEEF8C4D621B42B400FDA</key>
		<dict>
			<key>buildActionMask</key>
			<string>2147483647</string>
			<key>files</key>
			<array/>
			<key>inputPaths</key>
			<array/>
			<key>isa</key>
			<string>PBXShellScriptBuildPhase</string>
			<key>name</key>
			<string>[CP] Embed Pods Frameworks</string>
			<key>outputPaths</key>
			<array/>
			<key>runOnlyForDeploymentPostprocessing</key>
			<string>0</string>
			<key>shellPath</key>
			<string>/bin/sh</string>
			<key>shellScript</key>
			<string>"${SRCROOT}/Pods/Target Support Files/Pods-01_Realm_Swift/Pods-01_Realm_Swift-frameworks.sh"
</string>
			<key>showEnvVarsInLog</key>
			<string>0</string>
		</dict>
		<key>FE8D9D4125E6C2EB194AA57E</key>
		<dict>
			<key>includeInIndex</key>
			<string>1</string>
			<key>isa</key>
			<string>PBXFileReference</string>
			<key>lastKnownFileType</key>
			<string>text.xcconfig</string>
			<key>name</key>
			<string>Pods-01_Realm_SwiftUITests.debug.xcconfig</string>
			<key>path</key>
			<string>Pods/Target Support Files/Pods-01_Realm_SwiftUITests/Pods-01_Realm_SwiftUITests.debug.xcconfig</string>
			<key>sourceTree</key>
			<string>&lt;group&gt;</string>
		</dict>
	</dict>
	<key>rootObject</key>
	<string>BB38D9C91ED8A67F00E6C681</string>
</dict>
</plist>
